
Microsoft Visual Studio Solution File, Format Version 12.00
# Visual Studio Version 17
VisualStudioVersion = 17.1.32421.90
MinimumVisualStudioVersion = 10.0.40219.1
Project("{FAE04EC0-301F-11D3-BF4B-00C04F79EFBC}") = "Course_work", "Course_work\Course_work.csproj", "{054AE3C6-DCC0-4380-BE0E-E9778F1209C4}"
EndProject
Global
	GlobalSection(SolutionConfigurationPlatforms) = preSolution
		Debug|Any CPU = Debug|Any CPU
		Release|Any CPU = Release|Any CPU
	EndGlobalSection
	GlobalSection(ProjectConfigurationPlatforms) = postSolution
		{054AE3C6-DCC0-4380-BE0E-E9778F1209C4}.Debug|Any CPU.ActiveCfg = Debug|Any CPU
		{054AE3C6-DCC0-4380-BE0E-E9778F1209C4}.Debug|Any CPU.Build.0 = Debug|Any CPU
		{054AE3C6-DCC0-4380-BE0E-E9778F1209C4}.Release|Any CPU.ActiveCfg = Release|Any CPU
		{054AE3C6-DCC0-4380-BE0E-E9778F1209C4}.Release|Any CPU.Build.0 = Release|Any CPU
	EndGlobalSection
	GlobalSection(SolutionProperties) = preSolution
		HideSolutionNode = FALSE
	EndGlobalSection
	GlobalSection(ExtensibilityGlobals) = postSolution
		SolutionGuid = {F927E0EB-FA9D-41A6-A64F-5A3B989217A1}
	EndGlobalSection
EndGlobal
